{
  "name": "intro",
  "version": "0.0.1",
  "lockfileVersion": 3,
  "requires": true,
  "packages": {
    "": {
      "name": "intro",
      "version": "0.0.1",
      "dependencies": {
        "@lucide/astro": "^1.16.0",
        "@resvg/resvg-js": "^2.6.2",
        "astro": "^6.3.3",
        "qrcode": "^1.5.4",
        "satori": "^0.26.0",
        "satori-html": "^0.3.2"
      },
      "devDependencies": {
        "@types/qrcode": "^1.5.6"
      },
      "engines": {
        "node": ">=22.12.0"
      }
    },
    "../../../../.cache/aube/virtual-store/@lucide+astro@1.16.0_astro@6.3.3_-00dc6c010a060865/node_modules/@lucide/astro": {
      "version": "1.16.0",
      "license": "ISC",
      "devDependencies": {
        "@astrojs/ts-plugin": "^1.10.4",
        "@lucide/build-icons": "1.1.0",
        "@testing-library/dom": "^10.4.0",
        "@testing-library/jest-dom": "^6.8.0",
        "astro": "^6.1.10",
        "jest-serializer-html": "^7.1.0",
        "linkedom": "^0.18.5",
        "prettier": "^3.4.2",
        "typescript": "^5.8.3",
        "vite": "^7.3.2",
        "vitest": "^4.1.1"
      },
      "peerDependencies": {
        "astro": "^4 || ^5 || ^6"
      }
    },
    "../../../../.cache/aube/virtual-store/@resvg+resvg-js@2.6.2-e9b754e28ebdf86e/node_modules/@resvg/resvg-js": {
      "version": "2.6.2",
      "license": "MPL-2.0",
      "devDependencies": {
        "@napi-rs/cli": "^2.18.0",
        "@swc-node/register": "^1.9.0",
        "@swc/core": "^1.4.6",
        "@types/node": "^20.6.5",
        "@typescript-eslint/eslint-plugin": "^6.7.2",
        "@typescript-eslint/parser": "^6.7.2",
        "ava": "^5.3.1",
        "copyfiles": "^2.4.1",
        "dts-bundle-generator": "^9.0.0",
        "esbuild": "^0.20.1",
        "eslint": "^8.57.0",
        "eslint-config-prettier": "^8.5.0",
        "eslint-plugin-import": "^2.26.0",
        "eslint-plugin-prettier": "^4.2.1",
        "eslint-plugin-sonarjs": "^0.24.0",
        "husky": "^8.0.0",
        "jimp-compact": "^0.16.1-2",
        "lint-staged": "^15.0.0",
        "node-fetch": "2.x",
        "npm-run-all2": "^6.1.2",
        "prettier": "^2.7.1",
        "typescript": "^5.4.2"
      },
      "engines": {
        "node": ">= 10"
      },
      "optionalDependencies": {
        "@resvg/resvg-js-android-arm-eabi": "2.6.2",
        "@resvg/resvg-js-android-arm64": "2.6.2",
        "@resvg/resvg-js-darwin-arm64": "2.6.2",
        "@resvg/resvg-js-darwin-x64": "2.6.2",
        "@resvg/resvg-js-linux-arm-gnueabihf": "2.6.2",
        "@resvg/resvg-js-linux-arm64-gnu": "2.6.2",
        "@resvg/resvg-js-linux-arm64-musl": "2.6.2",
        "@resvg/resvg-js-linux-x64-gnu": "2.6.2",
        "@resvg/resvg-js-linux-x64-musl": "2.6.2",
        "@resvg/resvg-js-win32-arm64-msvc": "2.6.2",
        "@resvg/resvg-js-win32-ia32-msvc": "2.6.2",
        "@resvg/resvg-js-win32-x64-msvc": "2.6.2"
      }
    },
    "../../../../.cache/aube/virtual-store/@types+qrcode@1.5.6-49a03bf2dc1311ff/node_modules/@types/qrcode": {
      "version": "1.5.6",
      "dev": true,
      "license": "MIT",
      "dependencies": {
        "@types/node": "*"
      }
    },
    "../../../../.cache/aube/virtual-store/astro@6.3.3-26aa9a90e1b0d348/node_modules/astro": {
      "version": "6.3.3",
      "license": "MIT",
      "dependencies": {
        "@astrojs/compiler": "^4.0.0",
        "@astrojs/internal-helpers": "0.9.1",
        "@astrojs/markdown-remark": "7.1.2",
        "@astrojs/telemetry": "3.3.2",
        "@capsizecss/unpack": "^4.0.0",
        "@clack/prompts": "^1.1.0",
        "@oslojs/encoding": "^1.1.0",
        "@rollup/pluginutils": "^5.3.0",
        "aria-query": "^5.3.2",
        "axobject-query": "^4.1.0",
        "ci-info": "^4.4.0",
        "clsx": "^2.1.1",
        "common-ancestor-path": "^2.0.0",
        "cookie": "^1.1.1",
        "devalue": "^5.6.3",
        "diff": "^8.0.3",
        "dset": "^3.1.4",
        "es-module-lexer": "^2.0.0",
        "esbuild": "^0.27.3",
        "flattie": "^1.1.1",
        "fontace": "~0.4.1",
        "get-tsconfig": "5.0.0-beta.4",
        "github-slugger": "^2.0.0",
        "html-escaper": "3.0.3",
        "http-cache-semantics": "^4.2.0",
        "js-yaml": "^4.1.1",
        "jsonc-parser": "^3.3.1",
        "magic-string": "^0.30.21",
        "magicast": "^0.5.2",
        "mrmime": "^2.0.1",
        "neotraverse": "^0.6.18",
        "obug": "^2.1.1",
        "p-limit": "^7.3.0",
        "p-queue": "^9.1.0",
        "package-manager-detector": "^1.6.0",
        "piccolore": "^0.1.3",
        "picomatch": "^4.0.4",
        "rehype": "^13.0.2",
        "semver": "^7.7.4",
        "shiki": "^4.0.2",
        "smol-toml": "^1.6.0",
        "svgo": "^4.0.1",
        "tinyclip": "^0.1.12",
        "tinyexec": "^1.0.4",
        "tinyglobby": "^0.2.15",
        "ultrahtml": "^1.6.0",
        "unifont": "~0.7.4",
        "unist-util-visit": "^5.1.0",
        "unstorage": "^1.17.5",
        "vfile": "^6.0.3",
        "vite": "^7.3.2",
        "vitefu": "^1.1.2",
        "xxhash-wasm": "^1.1.0",
        "yargs-parser": "^22.0.0",
        "zod": "^4.3.6"
      },
      "bin": {
        "astro": "bin/astro.mjs"
      },
      "devDependencies": {
        "@astrojs/check": "0.9.9",
        "@astrojs/compiler-rs": "^0.1.6",
        "@playwright/test": "1.58.2",
        "@types/aria-query": "^5.0.4",
        "@types/hast": "^3.0.4",
        "@types/html-escaper": "3.0.4",
        "@types/http-cache-semantics": "^4.2.0",
        "@types/js-yaml": "^4.0.9",
        "@types/parse-srcset": "^1.0.0",
        "@types/picomatch": "^4.0.2",
        "@types/semver": "^7.7.1",
        "@types/yargs-parser": "^21.0.3",
        "astro-scripts": "0.0.14",
        "cheerio": "1.2.0",
        "eol": "^0.10.0",
        "expect-type": "^1.3.0",
        "fs-fixture": "^2.13.0",
        "hono": "^4.12.14",
        "mdast-util-mdx": "^3.0.0",
        "mdast-util-mdx-jsx": "^3.2.0",
        "node-mocks-http": "^1.17.2",
        "parse-srcset": "^1.0.2",
        "rehype-autolink-headings": "^7.1.0",
        "rehype-slug": "^6.0.0",
        "rehype-toc": "^3.0.2",
        "remark-code-titles": "^0.1.2",
        "rollup": "^4.58.0",
        "sass": "^1.98.0",
        "typescript": "^5.9.3",
        "undici": "^7.22.0",
        "unified": "^11.0.5",
        "vitest": "^4.1.0"
      },
      "engines": {
        "node": ">=22.12.0",
        "npm": ">=9.6.5",
        "pnpm": ">=7.1.0"
      },
      "funding": {
        "type": "opencollective",
        "url": "https://opencollective.com/astrodotbuild"
      },
      "optionalDependencies": {
        "sharp": "^0.34.0"
      }
    },
    "../../../../.cache/aube/virtual-store/qrcode@1.5.4-b0141a29cfc16129/node_modules/qrcode": {
      "version": "1.5.4",
      "license": "MIT",
      "dependencies": {
        "dijkstrajs": "^1.0.1",
        "pngjs": "^5.0.0",
        "yargs": "^15.3.1"
      },
      "bin": {
        "qrcode": "bin/qrcode"
      },
      "devDependencies": {
        "@babel/core": "^7.9.0",
        "@babel/preset-env": "^7.9.5",
        "@rollup/plugin-commonjs": "^11.1.0",
        "@rollup/plugin-node-resolve": "^7.1.3",
        "browserify": "^16.5.1",
        "canvas": "^2.8.0",
        "canvasutil": "0.0.4",
        "colors": "^1.4.0",
        "express": "^4.17.1",
        "htmlparser2": "^4.1.0",
        "rollup": "^2.6.1",
        "rollup-plugin-babel": "^4.4.0",
        "rollup-plugin-terser": "^5.3.0",
        "sinon": "^9.0.2",
        "standard": "^16.0.4",
        "tap": "^16.2.0"
      },
      "engines": {
        "node": ">=10.13.0"
      }
    },
    "../../../../.cache/aube/virtual-store/satori-html@0.3.2-77a78582fcdc7d4e/node_modules/satori-html": {
      "version": "0.3.2",
      "license": "MIT",
      "dependencies": {
        "ultrahtml": "^1.2.0"
      },
      "devDependencies": {
        "@resvg/resvg-js": "^2.1.0",
        "@types/node": "^18.8.4",
        "jest-image-snapshot": "^5.2.0",
        "satori": "^0.0.38",
        "typescript": "^4.8.4",
        "vite": "^3.1.7",
        "vitest": "^0.24.1"
      }
    },
    "../../../../.cache/aube/virtual-store/satori@0.26.0-6a9a07677920fb39/node_modules/satori": {
      "version": "0.26.0",
      "license": "MPL-2.0",
      "dependencies": {
        "@shuding/opentype.js": "1.4.0-beta.0",
        "css-background-parser": "^0.1.0",
        "css-box-shadow": "1.0.0-3",
        "css-gradient-parser": "^0.0.17",
        "css-to-react-native": "^3.0.0",
        "emoji-regex-xs": "^2.0.1",
        "escape-html": "^1.0.3",
        "linebreak": "^1.1.0",
        "parse-css-color": "^0.2.1",
        "postcss-value-parser": "^4.2.0",
        "yoga-layout": "^3.2.1"
      },
      "devDependencies": {
        "@resvg/resvg-js": "^2.1.0",
        "@types/node": "^16",
        "@types/opentype.js": "^1.3.3",
        "@types/react": "^17.0.38",
        "@typescript-eslint/eslint-plugin": "^5.40.0",
        "@typescript-eslint/parser": "^5.40.0",
        "@vitest/coverage-v8": "^0.32.0",
        "@vitest/ui": "^0.32.0",
        "concurrently": "^7.3.0",
        "esbuild-plugin-replace": "^1.2.0",
        "eslint": "^8.25.0",
        "eslint-plugin-react": "^7.31.10",
        "eslint-plugin-react-hooks": "^4.6.0",
        "husky": "8.0.3",
        "jest-image-snapshot": "^6.1.0",
        "lint-staged": "13.1.0",
        "mitata": "^1.0.34",
        "prettier": "^2.7.1",
        "react": "^17.0.2",
        "sharp": "^0.34.3",
        "tsup": "^7.1.0",
        "turbo": "^1.6.3",
        "twrnc": "^3.4.0",
        "typescript": "^5",
        "vitest": "^0.32.0"
      },
      "engines": {
        "node": ">=16"
      }
    },
    "node_modules/@lucide/astro": {
      "resolved": "../../../../.cache/aube/virtual-store/@lucide+astro@1.16.0_astro@6.3.3_-00dc6c010a060865/node_modules/@lucide/astro",
      "link": true
    },
    "node_modules/@resvg/resvg-js": {
      "resolved": "../../../../.cache/aube/virtual-store/@resvg+resvg-js@2.6.2-e9b754e28ebdf86e/node_modules/@resvg/resvg-js",
      "link": true
    },
    "node_modules/@types/qrcode": {
      "resolved": "../../../../.cache/aube/virtual-store/@types+qrcode@1.5.6-49a03bf2dc1311ff/node_modules/@types/qrcode",
      "link": true
    },
    "node_modules/astro": {
      "resolved": "../../../../.cache/aube/virtual-store/astro@6.3.3-26aa9a90e1b0d348/node_modules/astro",
      "link": true
    },
    "node_modules/qrcode": {
      "resolved": "../../../../.cache/aube/virtual-store/qrcode@1.5.4-b0141a29cfc16129/node_modules/qrcode",
      "link": true
    },
    "node_modules/satori": {
      "resolved": "../../../../.cache/aube/virtual-store/satori@0.26.0-6a9a07677920fb39/node_modules/satori",
      "link": true
    },
    "node_modules/satori-html": {
      "resolved": "../../../../.cache/aube/virtual-store/satori-html@0.3.2-77a78582fcdc7d4e/node_modules/satori-html",
      "link": true
    }
  }
}
